# THIS IS AN AUTOGENERATED FILE. DO NOT EDIT THIS FILE DIRECTLY.
# yarn lockfile v1


"@jridgewell/gen-mapping@^0.3.5":
  version "0.3.8"
  resolved "https://registry.npmmirror.com/@jridgewell/gen-mapping/-/gen-mapping-0.3.8.tgz#4f0e06362e01362f823d348f1872b08f666d8142"
  integrity sha512-imAbBGkb+ebQyxKgzv5Hu2nmROxoDOXHh80evxdoXNOrvAnVx7zimzc1Oo5h9RlfV4vPXaE2iM5pOFbvOCClWA==
  dependencies:
    "@jridgewell/set-array" "^1.2.1"
    "@jridgewell/sourcemap-codec" "^1.4.10"
    "@jridgewell/trace-mapping" "^0.3.24"

"@jridgewell/resolve-uri@^3.1.0":
  version "3.1.2"
  resolved "https://registry.npmmirror.com/@jridgewell/resolve-uri/-/resolve-uri-3.1.2.tgz#7a0ee601f60f99a20c7c7c5ff0c80388c1189bd6"
  integrity sha512-bRISgCIjP20/tbWSPWMEi54QVPRZExkuD9lJL+UIxUKtwVJA8wW1Trb1jMs1RFXo1CBTNZ/5hpC9QvmKWdopKw==

"@jridgewell/set-array@^1.2.1":
  version "1.2.1"
  resolved "https://registry.npmmirror.com/@jridgewell/set-array/-/set-array-1.2.1.tgz#558fb6472ed16a4c850b889530e6b36438c49280"
  integrity sha512-R8gLRTZeyp03ymzP/6Lil/28tGeGEzhx1q2k703KGWRAI1VdvPIXdG70VJc2pAMw3NA6JKL5hhFu1sJX0Mnn/A==

"@jridgewell/source-map@^0.3.3":
  version "0.3.6"
  resolved "https://registry.npmmirror.com/@jridgewell/source-map/-/source-map-0.3.6.tgz#9d71ca886e32502eb9362c9a74a46787c36df81a"
  integrity sha512-1ZJTZebgqllO79ue2bm3rIGud/bOe0pP5BjSRCRxxYkEZS8STV7zN84UBbiYu7jy+eCKSnVIUgoWWE/tt+shMQ==
  dependencies:
    "@jridgewell/gen-mapping" "^0.3.5"
    "@jridgewell/trace-mapping" "^0.3.25"

"@jridgewell/sourcemap-codec@^1.4.10", "@jridgewell/sourcemap-codec@^1.4.14":
  version "1.5.0"
  resolved "https://registry.npmmirror.com/@jridgewell/sourcemap-codec/-/sourcemap-codec-1.5.0.tgz#3188bcb273a414b0d215fd22a58540b989b9409a"
  integrity sha512-gv3ZRaISU3fjPAgNsriBRqGWQL6quFx04YMPW/zD8XMLsU32mhCCbfbO6KZFLjvYpCZ8zyDEgqsgf+PwPaM7GQ==

"@jridgewell/trace-mapping@^0.3.24", "@jridgewell/trace-mapping@^0.3.25":
  version "0.3.25"
  resolved "https://registry.npmmirror.com/@jridgewell/trace-mapping/-/trace-mapping-0.3.25.tgz#15f190e98895f3fc23276ee14bc76b675c2e50f0"
  integrity sha512-vNk6aEwybGtawWmy/PzwnGDOjCkLWSD2wqvjGGAgOAwCGWySYXfYoxt00IJkTF+8Lb57DwOb3Aa0o9CApepiYQ==
  dependencies:
    "@jridgewell/resolve-uri" "^3.1.0"
    "@jridgewell/sourcemap-codec" "^1.4.14"

"@rclnodejs/ref-array-di@^1.2.2":
  version "1.2.2"
  resolved "https://registry.npmmirror.com/@rclnodejs/ref-array-di/-/ref-array-di-1.2.2.tgz#24f8c503333a9ea6de96857847eeec56d0946e71"
  integrity sha512-BHslJ1wmmaiPQ2rPZrO9Du9Cd/eQjZ+N5T84poFZk9JFJkYatbtXALbjWTgoHWpl6Cvm415NfwsGc2xkjzFPxw==
  dependencies:
    array-index "^1.0.0"
    debug "^4.3.1"

"@rclnodejs/ref-napi@^4.0.0":
  version "4.0.0"
  resolved "https://registry.npmmirror.com/@rclnodejs/ref-napi/-/ref-napi-4.0.0.tgz#e4db8ec450066eac2868f8013e788a5bc55bf17d"
  integrity sha512-gj5iSZVNsxKwm8jaLe75B1xyxU95bes1iMbtJzS8lG5D2mMRoeXAmlnS+jPKMyQDIbTXcucaD7aHIILBQ+fudw==
  dependencies:
    debug "^4.3.1"
    get-symbol-from-current-process-h "^1.0.2"
    node-addon-api "^4.2.0"
    node-gyp-build "^4.3.0"

"@rclnodejs/ref-struct-di@^1.1.1":
  version "1.1.1"
  resolved "https://registry.npmmirror.com/@rclnodejs/ref-struct-di/-/ref-struct-di-1.1.1.tgz#94b03bc17c3f19ba10a30acc32d6e9c904f57570"
  integrity sha512-UqFrk6tXEo3d6byHLUqsfJzONDZDUDU/g8fpkj2Xxy8CF0r7QRQ3wGyQxBS+GFzf7yByWBSddPhOj1EsGB0R3Q==
  dependencies:
    debug "^4.3.1"

acorn@^8.14.0:
  version "8.15.0"
  resolved "https://registry.npmmirror.com/acorn/-/acorn-8.15.0.tgz#a360898bc415edaac46c8241f6383975b930b816"
  integrity sha512-NZyJarBfL7nWwIq+FDL6Zp/yHEhePMNnnJ0y3qfieCrmNvYct8uvtiV41UvlSe6apAfk0fY1FbWx+NwfmpvtTg==

array-index@^1.0.0:
  version "1.0.0"
  resolved "https://registry.npmmirror.com/array-index/-/array-index-1.0.0.tgz#ec56a749ee103e4e08c790b9c353df16055b97f9"
  integrity sha512-jesyNbBkLQgGZMSwA1FanaFjalb1mZUGxGeUEkSDidzgrbjBGhvizJkaItdhkt8eIHFOJC7nDsrXk+BaehTdRw==
  dependencies:
    debug "^2.2.0"
    es6-symbol "^3.0.2"

bignumber.js@^9.0.0:
  version "9.3.0"
  resolved "https://registry.npmmirror.com/bignumber.js/-/bignumber.js-9.3.0.tgz#bdba7e2a4c1a2eba08290e8dcad4f36393c92acd"
  integrity sha512-EM7aMFTXbptt/wZdMlBv2t8IViwQL+h6SLHosp8Yf0dqJMTnY6iL32opnAB6kAdL0SZPuvcAzFr31o0c/R3/RA==

bindings@^1.5.0:
  version "1.5.0"
  resolved "https://registry.npmmirror.com/bindings/-/bindings-1.5.0.tgz#10353c9e945334bc0511a6d90b38fbc7c9c504df"
  integrity sha512-p2q/t/mhvuOj/UeLlV6566GD/guowlr0hHxClI0W9m7MWYkL1F0hLo+0Aexs9HSPCtR1SXQ0TD3MMKrXZajbiQ==
  dependencies:
    file-uri-to-path "1.0.0"

buffer-from@^1.0.0:
  version "1.1.2"
  resolved "https://registry.npmmirror.com/buffer-from/-/buffer-from-1.1.2.tgz#2b146a6fd72e80b4f55d255f35ed59a3a9a41bd5"
  integrity sha512-E+XQCRwSbaaiChtv6k6Dwgc+bx+Bs6vuKJHHl5kox/BaKbhiXzqQOwK4cO22yElGp2OCmjwVhT3HmxgyPGnJfQ==

commander@^2.20.0:
  version "2.20.3"
  resolved "https://registry.npmmirror.com/commander/-/commander-2.20.3.tgz#fd485e84c03eb4881c20722ba48035e8531aeb33"
  integrity sha512-GpVkmM8vF2vQUkj2LvZmD35JxeJOLCwJ9cUkugyk2nuhbv3+mJvpLYYt+0+USMxE+oj+ey/lJEnhZw75x/OMcQ==

compare-versions@^6.1.1:
  version "6.1.1"
  resolved "https://registry.npmmirror.com/compare-versions/-/compare-versions-6.1.1.tgz#7af3cc1099ba37d244b3145a9af5201b629148a9"
  integrity sha512-4hm4VPpIecmlg59CHXnRDnqGplJFrbLG4aFEl5vl6cK1u76ws3LLvX7ikFnTDl5vo39sjWD6AaDPYodJp/NNHg==

d@1, d@^1.0.1, d@^1.0.2:
  version "1.0.2"
  resolved "https://registry.npmmirror.com/d/-/d-1.0.2.tgz#2aefd554b81981e7dccf72d6842ae725cb17e5de"
  integrity sha512-MOqHvMWF9/9MX6nza0KgvFH4HpMU0EF5uUDXqX/BtxtU8NfB0QzRtJ8Oe/6SuS4kbhyzVJwjd97EA4PKrzJ8bw==
  dependencies:
    es5-ext "^0.10.64"
    type "^2.7.2"

debug@^2.2.0:
  version "2.6.9"
  resolved "https://registry.npmmirror.com/debug/-/debug-2.6.9.tgz#5d128515df134ff327e90a4c93f4e077a536341f"
  integrity sha512-bC7ElrdJaJnPbAP+1EotYvqZsb3ecl5wi6Bfi6BJTUcNowp6cvspg0jXznRTKDjm/E7AdgFBVeAPVMNcKGsHMA==
  dependencies:
    ms "2.0.0"

debug@^4.3.1, debug@^4.4.0:
  version "4.4.1"
  resolved "https://registry.npmmirror.com/debug/-/debug-4.4.1.tgz#e5a8bc6cbc4c6cd3e64308b0693a3d4fa550189b"
  integrity sha512-KcKCqiftBJcZr++7ykoDIEwSa3XWowTfNPo92BYxjXiyYEVrUQh2aLyhxBCwww+heortUFxEJYcRzosstTEBYQ==
  dependencies:
    ms "^2.1.3"

dot@^1.1.3:
  version "1.1.3"
  resolved "https://registry.npmmirror.com/dot/-/dot-1.1.3.tgz#351360e00a748bce9a1f8f27c00c394a7e4e1e9f"
  integrity sha512-/nt74Rm+PcfnirXGEdhZleTwGC2LMnuKTeeTIlI82xb5loBBoXNYzr2ezCroPSMtilK8EZIfcNZwOcHN+ib1Lg==

es5-ext@^0.10.35, es5-ext@^0.10.62, es5-ext@^0.10.64, es5-ext@~0.10.14:
  version "0.10.64"
  resolved "https://registry.npmmirror.com/es5-ext/-/es5-ext-0.10.64.tgz#12e4ffb48f1ba2ea777f1fcdd1918ef73ea21714"
  integrity sha512-p2snDhiLaXe6dahss1LddxqEm+SkuDvV8dnIQG0MWjyHpcMNfXKPE+/Cc0y+PhxJX3A4xGNeFCj5oc0BUh6deg==
  dependencies:
    es6-iterator "^2.0.3"
    es6-symbol "^3.1.3"
    esniff "^2.0.1"
    next-tick "^1.1.0"

es6-iterator@^2.0.3:
  version "2.0.3"
  resolved "https://registry.npmmirror.com/es6-iterator/-/es6-iterator-2.0.3.tgz#a7de889141a05a94b0854403b2d0a0fbfa98f3b7"
  integrity sha512-zw4SRzoUkd+cl+ZoE15A9o1oQd920Bb0iOJMQkQhl3jNc03YqVjAhG7scf9C5KWRU/R13Orf588uCC6525o02g==
  dependencies:
    d "1"
    es5-ext "^0.10.35"
    es6-symbol "^3.1.1"

es6-symbol@^3.0.2, es6-symbol@^3.1.1, es6-symbol@^3.1.3:
  version "3.1.4"
  resolved "https://registry.npmmirror.com/es6-symbol/-/es6-symbol-3.1.4.tgz#f4e7d28013770b4208ecbf3e0bf14d3bcb557b8c"
  integrity sha512-U9bFFjX8tFiATgtkJ1zg25+KviIXpgRvRHS8sau3GfhVzThRQrOeksPeT0BWW2MNZs1OEWJ1DPXOQMn0KKRkvg==
  dependencies:
    d "^1.0.2"
    ext "^1.7.0"

esniff@^2.0.1:
  version "2.0.1"
  resolved "https://registry.npmmirror.com/esniff/-/esniff-2.0.1.tgz#a4d4b43a5c71c7ec51c51098c1d8a29081f9b308"
  integrity sha512-kTUIGKQ/mDPFoJ0oVfcmyJn4iBDRptjNVIzwIFR7tqWXdVI9xfA2RMwY/gbSpJG3lkdWNEjLap/NqVHZiJsdfg==
  dependencies:
    d "^1.0.1"
    es5-ext "^0.10.62"
    event-emitter "^0.3.5"
    type "^2.7.2"

event-emitter@^0.3.5:
  version "0.3.5"
  resolved "https://registry.npmmirror.com/event-emitter/-/event-emitter-0.3.5.tgz#df8c69eef1647923c7157b9ce83840610b02cc39"
  integrity sha512-D9rRn9y7kLPnJ+hMq7S/nhvoKwwvVJahBi2BPmx3bvbsEdK3W9ii8cBSGjP+72/LnM4n6fo3+dkCX5FeTQruXA==
  dependencies:
    d "1"
    es5-ext "~0.10.14"

ext@^1.7.0:
  version "1.7.0"
  resolved "https://registry.npmmirror.com/ext/-/ext-1.7.0.tgz#0ea4383c0103d60e70be99e9a7f11027a33c4f5f"
  integrity sha512-6hxeJYaL110a9b5TEJSj0gojyHQAmA2ch5Os+ySCiA1QGdS697XWY1pzsrSjqA9LDEEgdB/KypIlR59RcLuHYw==
  dependencies:
    type "^2.7.2"

file-uri-to-path@1.0.0:
  version "1.0.0"
  resolved "https://registry.npmmirror.com/file-uri-to-path/-/file-uri-to-path-1.0.0.tgz#553a7b8446ff6f684359c445f1e37a05dacc33dd"
  integrity sha512-0Zt+s3L7Vf1biwWZ29aARiVYLx7iMGnEUl9x33fbB/j3jR81u/O2LbqK+Bm1CDSNDKVtJ/YjwY7TUd5SkeLQLw==

foreachasync@^3.0.0:
  version "3.0.0"
  resolved "https://registry.npmmirror.com/foreachasync/-/foreachasync-3.0.0.tgz#5502987dc8714be3392097f32e0071c9dee07cf6"
  integrity sha512-J+ler7Ta54FwwNcx6wQRDhTIbNeyDcARMkOcguEqnEdtm0jKvN3Li3PDAb2Du3ubJYEWfYL83XMROXdsXAXycw==

fs-extra@^11.2.0:
  version "11.3.0"
  resolved "https://registry.npmmirror.com/fs-extra/-/fs-extra-11.3.0.tgz#0daced136bbaf65a555a326719af931adc7a314d"
  integrity sha512-Z4XaCL6dUDHfP/jT25jJKMmtxvuwbkrD1vNSMFlo9lNLY2c5FHYSQgHPRZUjAB26TpDEoW9HCOgplrdbaPV/ew==
  dependencies:
    graceful-fs "^4.2.0"
    jsonfile "^6.0.1"
    universalify "^2.0.0"

get-symbol-from-current-process-h@^1.0.2:
  version "1.0.2"
  resolved "https://registry.npmmirror.com/get-symbol-from-current-process-h/-/get-symbol-from-current-process-h-1.0.2.tgz#510af52eaef873f7028854c3377f47f7bb200265"
  integrity sha512-syloC6fsCt62ELLrr1VKBM1ggOpMdetX9hTrdW77UQdcApPHLmf7CI7OKcN1c9kYuNxKcDe4iJ4FY9sX3aw2xw==

graceful-fs@^4.1.6, graceful-fs@^4.2.0:
  version "4.2.11"
  resolved "https://registry.npmmirror.com/graceful-fs/-/graceful-fs-4.2.11.tgz#4183e4e8bf08bb6e05bbb2f7d2e0c8f712ca40e3"
  integrity sha512-RbJ5/jmFcNNCcDV5o9eTnBLJ/HszWV0P73bc+Ff4nS/rJj+YaS6IGyiOL0VoBYX+l1Wrl3k63h/KrH+nhJ0XvQ==

is-close@^1.3.3:
  version "1.3.3"
  resolved "https://registry.npmmirror.com/is-close/-/is-close-1.3.3.tgz#8e26fd2b19036403e3ce303731c7b33d2b13dc7b"
  integrity sha512-Q8pmIuDS2BUAj9NElFDxKNv11JXWqXNVa5+i3kjWmT0r2SVxVkXmBCexBuooPS4r59C5F3STMi5thXKP56/FIg==

json-bigint@^1.0.0:
  version "1.0.0"
  resolved "https://registry.npmmirror.com/json-bigint/-/json-bigint-1.0.0.tgz#ae547823ac0cad8398667f8cd9ef4730f5b01ff1"
  integrity sha512-SiPv/8VpZuWbvLSMtTDU8hEfrZWg/mH/nV/b4o0CYbSxu1UIQPLdwKOCIyLQX+VIPO5vrLX3i8qtqFyhdPSUSQ==
  dependencies:
    bignumber.js "^9.0.0"

jsonfile@^6.0.1:
  version "6.1.0"
  resolved "https://registry.npmmirror.com/jsonfile/-/jsonfile-6.1.0.tgz#bc55b2634793c679ec6403094eb13698a6ec0aae"
  integrity sha512-5dgndWOriYSm5cnYaJNhalLNDKOqFwyDB/rr1E9ZsGciGvKPs8R2xYGCacuf3z6K1YKDz182fd+fY3cn3pMqXQ==
  dependencies:
    universalify "^2.0.0"
  optionalDependencies:
    graceful-fs "^4.1.6"

ms@2.0.0:
  version "2.0.0"
  resolved "https://registry.npmmirror.com/ms/-/ms-2.0.0.tgz#5608aeadfc00be6c2901df5f9861788de0d597c8"
  integrity sha512-Tpp60P6IUJDTuOq/5Z8cdskzJujfwqfOTkrwIwj7IRISpnkJnT6SyJ4PCPnGMoFjC9ddhal5KVIYtAt97ix05A==

ms@^2.1.3:
  version "2.1.3"
  resolved "https://registry.npmmirror.com/ms/-/ms-2.1.3.tgz#574c8138ce1d2b5861f0b44579dbadd60c6615b2"
  integrity sha512-6FlzubTLZG3J2a/NVCAleEhjzq5oxgHyaCU9yYXvcLsvoVaHJq/s5xXI6/XXP6tz7R9xAOtHnSO/tXtF3WRTlA==

next-tick@^1.1.0:
  version "1.1.0"
  resolved "https://registry.npmmirror.com/next-tick/-/next-tick-1.1.0.tgz#1836ee30ad56d67ef281b22bd199f709449b35eb"
  integrity sha512-CXdUiJembsNjuToQvxayPZF9Vqht7hewsvy2sOWafLvi2awflj9mOC6bHIg50orX8IJvWKY9wYQ/zB2kogPslQ==

node-addon-api@^4.2.0:
  version "4.3.0"
  resolved "https://registry.npmmirror.com/node-addon-api/-/node-addon-api-4.3.0.tgz#52a1a0b475193e0928e98e0426a0d1254782b77f"
  integrity sha512-73sE9+3UaLYYFmDsFZnqCInzPyh3MqIwZO9cw58yIqAZhONrrabrYyYe3TuIqtIiOuTXVhsGau8hcrhhwSsDIQ==

node-addon-api@^8.3.1:
  version "8.4.0"
  resolved "https://registry.npmmirror.com/node-addon-api/-/node-addon-api-8.4.0.tgz#8cbc68ee1c216368921a8f63038a23a39cd8ba44"
  integrity sha512-D9DI/gXHvVmjHS08SVch0Em8G5S1P+QWtU31appcKT/8wFSPRcdHadIFSAntdMMVM5zz+/DL+bL/gz3UDppqtg==

node-gyp-build@^4.3.0:
  version "4.8.4"
  resolved "https://registry.npmmirror.com/node-gyp-build/-/node-gyp-build-4.8.4.tgz#8a70ee85464ae52327772a90d66c6077a900cfc8"
  integrity sha512-LA4ZjwlnUblHVgq0oBF3Jl/6h/Nvs5fzBLwdEF4nuxnFdsfajde4WfxtJr3CaiH+F6ewcIB/q4jQ4UzPyid+CQ==

rclnodejs@^1.2.0:
  version "1.2.0"
  resolved "https://registry.npmmirror.com/rclnodejs/-/rclnodejs-1.2.0.tgz#dc45c86e5be990fb85fd0d05127563851e79621b"
  integrity sha512-ntAuelt9HHWjDyXapGlmxZSkBTCkjP5Z/0x0yCDIxFyvBIbd4DYPbRJyo5LtmvvE0AUztDrwOECkNvl1sEB2MQ==
  dependencies:
    "@rclnodejs/ref-array-di" "^1.2.2"
    "@rclnodejs/ref-napi" "^4.0.0"
    "@rclnodejs/ref-struct-di" "^1.1.1"
    bindings "^1.5.0"
    compare-versions "^6.1.1"
    debug "^4.4.0"
    dot "^1.1.3"
    fs-extra "^11.2.0"
    is-close "^1.3.3"
    json-bigint "^1.0.0"
    node-addon-api "^8.3.1"
    terser "^5.39.0"
    walk "^2.3.15"

source-map-support@~0.5.20:
  version "0.5.21"
  resolved "https://registry.npmmirror.com/source-map-support/-/source-map-support-0.5.21.tgz#04fe7c7f9e1ed2d662233c28cb2b35b9f63f6e4f"
  integrity sha512-uBHU3L3czsIyYXKX88fdrGovxdSCoTGDRZ6SYXtSRxLZUzHg5P/66Ht6uoUlHu9EZod+inXhKo3qQgwXUT/y1w==
  dependencies:
    buffer-from "^1.0.0"
    source-map "^0.6.0"

source-map@^0.6.0:
  version "0.6.1"
  resolved "https://registry.npmmirror.com/source-map/-/source-map-0.6.1.tgz#74722af32e9614e9c287a8d0bbde48b5e2f1a263"
  integrity sha512-UjgapumWlbMhkBgzT7Ykc5YXUT46F0iKu8SGXq0bcwP5dz/h0Plj6enJqjz1Zbq2l5WaqYnrVbwWOWMyF3F47g==

terser@^5.39.0:
  version "5.43.1"
  resolved "https://registry.npmmirror.com/terser/-/terser-5.43.1.tgz#88387f4f9794ff1a29e7ad61fb2932e25b4fdb6d"
  integrity sha512-+6erLbBm0+LROX2sPXlUYx/ux5PyE9K/a92Wrt6oA+WDAoFTdpHE5tCYCI5PNzq2y8df4rA+QgHLJuR4jNymsg==
  dependencies:
    "@jridgewell/source-map" "^0.3.3"
    acorn "^8.14.0"
    commander "^2.20.0"
    source-map-support "~0.5.20"

type@^2.7.2:
  version "2.7.3"
  resolved "https://registry.npmmirror.com/type/-/type-2.7.3.tgz#436981652129285cc3ba94f392886c2637ea0486"
  integrity sha512-8j+1QmAbPvLZow5Qpi6NCaN8FB60p/6x8/vfNqOk/hC+HuvFZhL4+WfekuhQLiqFZXOgQdrs3B+XxEmCc6b3FQ==

universalify@^2.0.0:
  version "2.0.1"
  resolved "https://registry.npmmirror.com/universalify/-/universalify-2.0.1.tgz#168efc2180964e6386d061e094df61afe239b18d"
  integrity sha512-gptHNQghINnc/vTGIk0SOFGFNXw7JVrlRUtConJRlvaw6DuX0wO5Jeko9sWrMBhh+PsYAZ7oXAiOnf/UKogyiw==

walk@^2.3.15:
  version "2.3.15"
  resolved "https://registry.npmmirror.com/walk/-/walk-2.3.15.tgz#1b4611e959d656426bc521e2da5db3acecae2424"
  integrity sha512-4eRTBZljBfIISK1Vnt69Gvr2w/wc3U6Vtrw7qiN5iqYJPH7LElcYh/iU4XWhdCy2dZqv1ToMyYlybDylfG/5Vg==
  dependencies:
    foreachasync "^3.0.0"

ws@^8.18.2:
  version "8.18.2"
  resolved "https://registry.npmmirror.com/ws/-/ws-8.18.2.tgz#42738b2be57ced85f46154320aabb51ab003705a"
  integrity sha512-DMricUmwGZUVr++AEAe2uiVM7UoO9MAVZMDu05UQOaUII0lp+zOzLLU4Xqh/JvTqklB1T4uELaaPBKyjE1r4fQ==
